
Microsoft Visual Studio Solution File, Format Version 12.00
# Visual Studio Version 17
VisualStudioVersion = 17.4.33213.308
MinimumVisualStudioVersion = 10.0.40219.1
Project("{9A19103F-16F7-4668-BE54-9A1E7A4F7556}") = "ScreamCounter", "ScreamCounter.csproj", "{75D82C83-B912-4A72-8D26-C834D47B0462}"
EndProject
Global
	GlobalSection(SolutionConfigurationPlatforms) = preSolution
		Debug|Any CPU = Debug|Any CPU
		Release|Any CPU = Release|Any CPU
	EndGlobalSection
	GlobalSection(ProjectConfigurationPlatforms) = postSolution
		{75D82C83-B912-4A72-8D26-C834D47B0462}.Debug|Any CPU.ActiveCfg = Debug|Any CPU
		{75D82C83-B912-4A72-8D26-C834D47B0462}.Debug|Any CPU.Build.0 = Debug|Any CPU
		{75D82C83-B912-4A72-8D26-C834D47B0462}.Release|Any CPU.ActiveCfg = Release|Any CPU
		{75D82C83-B912-4A72-8D26-C834D47B0462}.Release|Any CPU.Build.0 = Release|Any CPU
	EndGlobalSection
	GlobalSection(SolutionProperties) = preSolution
		HideSolutionNode = FALSE
	EndGlobalSection
	GlobalSection(ExtensibilityGlobals) = postSolution
		SolutionGuid = {D8B27E93-CB77-4CD8-973A-DD5A1775A0DF}
	EndGlobalSection
EndGlobal
